# THIS IS AN AUTOGENERATED FILE. DO NOT EDIT THIS FILE DIRECTLY.
# yarn lockfile v1


"@apollo/protobufjs@1.2.2":
  version "1.2.2"
  resolved "https://registry.yarnpkg.com/@apollo/protobufjs/-/protobufjs-1.2.2.tgz#4bd92cd7701ccaef6d517cdb75af2755f049f87c"
  integrity sha512-vF+zxhPiLtkwxONs6YanSt1EpwpGilThpneExUN5K3tCymuxNnVq2yojTvnpRjv2QfsEIt/n7ozPIIzBLwGIDQ==
  dependencies:
    "@protobufjs/aspromise" "^1.1.2"
    "@protobufjs/base64" "^1.1.2"
    "@protobufjs/codegen" "^2.0.4"
    "@protobufjs/eventemitter" "^1.1.0"
    "@protobufjs/fetch" "^1.1.0"
    "@protobufjs/float" "^1.0.2"
    "@protobufjs/inquire" "^1.1.0"
    "@protobufjs/path" "^1.1.2"
    "@protobufjs/pool" "^1.1.0"
    "@protobufjs/utf8" "^1.1.0"
    "@types/long" "^4.0.0"
    "@types/node" "^10.1.0"
    long "^4.0.0"

"@apollo/protobufjs@^1.0.3":
  version "1.0.4"
  resolved "https://registry.yarnpkg.com/@apollo/protobufjs/-/protobufjs-1.0.4.tgz#cf01747a55359066341f31b5ce8db17df44244e0"
  integrity sha512-EE3zx+/D/wur/JiLp6VCiw1iYdyy1lCJMf8CGPkLeDt5QJrN4N8tKFx33Ah4V30AUQzMk7Uz4IXKZ1LOj124gA==
  dependencies:
    "@protobufjs/aspromise" "^1.1.2"
    "@protobufjs/base64" "^1.1.2"
    "@protobufjs/codegen" "^2.0.4"
    "@protobufjs/eventemitter" "^1.1.0"
    "@protobufjs/fetch" "^1.1.0"
    "@protobufjs/float" "^1.0.2"
    "@protobufjs/inquire" "^1.1.0"
    "@protobufjs/path" "^1.1.2"
    "@protobufjs/pool" "^1.1.0"
    "@protobufjs/utf8" "^1.1.0"
    "@types/long" "^4.0.0"
    "@types/node" "^10.1.0"
    long "^4.0.0"

"@apollographql/apollo-tools@^0.5.0":
  version "0.5.4"
  resolved "https://registry.yarnpkg.com/@apollographql/apollo-tools/-/apollo-tools-0.5.4.tgz#cb3998c6cf12e494b90c733f44dd9935e2d8196c"
  integrity sha512-shM3q7rUbNyXVVRkQJQseXv6bnYM3BUma/eZhwXR4xsuM+bqWnJKvW7SAfRjP7LuSCocrexa5AXhjjawNHrIlw==

"@apollographql/graphql-playground-html@1.6.24":
  version "1.6.24"
  resolved "https://registry.yarnpkg.com/@apollographql/graphql-playground-html/-/graphql-playground-html-1.6.24.tgz#3ce939cb127fb8aaa3ffc1e90dff9b8af9f2e3dc"
  integrity sha512-8GqG48m1XqyXh4mIZrtB5xOhUwSsh1WsrrsaZQOEYYql3YN9DEu9OOSg0ILzXHZo/h2Q74777YE4YzlArQzQEQ==

"@apollographql/graphql-playground-html@1.6.27":
  version "1.6.27"
  resolved "https://registry.yarnpkg.com/@apollographql/graphql-playground-html/-/graphql-playground-html-1.6.27.tgz#bc9ab60e9445aa2a8813b4e94f152fa72b756335"
  integrity sha512-tea2LweZvn6y6xFV11K0KC8ETjmm52mQrW+ezgB2O/aTQf8JGyFmMcRPFgUaQZeHbWdm8iisDC6EjOKsXu0nfw==
  dependencies:
    xss "^1.0.8"

"@apollographql/graphql-upload-8-fork@^8.1.4":
  version "8.1.4"
  resolved "https://registry.yarnpkg.com/@apollographql/graphql-upload-8-fork/-/graphql-upload-8-fork-8.1.4.tgz#898a6826cf53b13e42161884b0090d3bb8c8b2f3"
  integrity sha512-lHAj/PUegYu02zza9Pg0bQQYH5I0ah1nyIzu2YIqOv41P0vu3GCBISAmQCfFHThK7N3dy7dLFPhoKcXlXRLPoQ==
  dependencies:
    "@types/express" "*"
    "@types/fs-capacitor" "^2.0.0"
    "@types/koa" "*"
    busboy "^0.3.1"
    fs-capacitor "^2.0.4"
    http-errors "^1.7.3"
    object-path "^0.11.4"

"@josephg/resolvable@^1.0.0":
  version "1.0.1"
  resolved "https://registry.yarnpkg.com/@josephg/resolvable/-/resolvable-1.0.1.tgz#69bc4db754d79e1a2f17a650d3466e038d94a5eb"
  integrity sha512-CtzORUwWTTOTqfVtHaKRJ0I1kNQd1bpn3sUh8I3nJDVY+5/M/Oe1DnEWzPQvqq/xPIIkzzzIP7mfCoAjFRvDhg==

"@protobufjs/aspromise@^1.1.1", "@protobufjs/aspromise@^1.1.2":
  version "1.1.2"
  resolved "https://registry.yarnpkg.com/@protobufjs/aspromise/-/aspromise-1.1.2.tgz#9b8b0cc663d669a7d8f6f5d0893a14d348f30fbf"
  integrity sha1-m4sMxmPWaafY9vXQiToU00jzD78=

"@protobufjs/base64@^1.1.2":
  version "1.1.2"
  resolved "https://registry.yarnpkg.com/@protobufjs/base64/-/base64-1.1.2.tgz#4c85730e59b9a1f1f349047dbf24296034bb2735"
  integrity sha512-AZkcAA5vnN/v4PDqKyMR5lx7hZttPDgClv83E//FMNhR2TMcLUhfRUBHCmSl0oi9zMgDDqRUJkSxO3wm85+XLg==

"@protobufjs/codegen@^2.0.4":
  version "2.0.4"
  resolved "https://registry.yarnpkg.com/@protobufjs/codegen/-/codegen-2.0.4.tgz#7ef37f0d010fb028ad1ad59722e506d9262815cb"
  integrity sha512-YyFaikqM5sH0ziFZCN3xDC7zeGaB/d0IUb9CATugHWbd1FRFwWwt4ld4OYMPWu5a3Xe01mGAULCdqhMlPl29Jg==

"@protobufjs/eventemitter@^1.1.0":
  version "1.1.0"
  resolved "https://registry.yarnpkg.com/@protobufjs/eventemitter/-/eventemitter-1.1.0.tgz#355cbc98bafad5978f9ed095f397621f1d066b70"
  integrity sha1-NVy8mLr61ZePntCV85diHx0Ga3A=

"@protobufjs/fetch@^1.1.0":
  version "1.1.0"
  resolved "https://registry.yarnpkg.com/@protobufjs/fetch/-/fetch-1.1.0.tgz#ba99fb598614af65700c1619ff06d454b0d84c45"
  integrity sha1-upn7WYYUr2VwDBYZ/wbUVLDYTEU=
  dependencies:
    "@protobufjs/aspromise" "^1.1.1"
    "@protobufjs/inquire" "^1.1.0"

"@protobufjs/float@^1.0.2":
  version "1.0.2"
  resolved "https://registry.yarnpkg.com/@protobufjs/float/-/float-1.0.2.tgz#5e9e1abdcb73fc0a7cb8b291df78c8cbd97b87d1"
  integrity sha1-Xp4avctz/Ap8uLKR33jIy9l7h9E=

"@protobufjs/inquire@^1.1.0":
  version "1.1.0"
  resolved "https://registry.yarnpkg.com/@protobufjs/inquire/-/inquire-1.1.0.tgz#ff200e3e7cf2429e2dcafc1140828e8cc638f089"
  integrity sha1-/yAOPnzyQp4tyvwRQIKOjMY48Ik=

"@protobufjs/path@^1.1.2":
  version "1.1.2"
  resolved "https://registry.yarnpkg.com/@protobufjs/path/-/path-1.1.2.tgz#6cc2b20c5c9ad6ad0dccfd21ca7673d8d7fbf68d"
  integrity sha1-bMKyDFya1q0NzP0hynZz2Nf79o0=

"@protobufjs/pool@^1.1.0":
  version "1.1.0"
  resolved "https://registry.yarnpkg.com/@protobufjs/pool/-/pool-1.1.0.tgz#09fd15f2d6d3abfa9b65bc366506d6ad7846ff54"
  integrity sha1-Cf0V8tbTq/qbZbw2ZQbWrXhG/1Q=

"@protobufjs/utf8@^1.1.0":
  version "1.1.0"
  resolved "https://registry.yarnpkg.com/@protobufjs/utf8/-/utf8-1.1.0.tgz#a777360b5b39a1a2e5106f8e858f2fd2d060c570"
  integrity sha1-p3c2C1s5oaLlEG+OhY8v0tBgxXA=

"@types/accepts@*":
  version "1.3.5"
  resolved "https://registry.yarnpkg.com/@types/accepts/-/accepts-1.3.5.tgz#c34bec115cfc746e04fe5a059df4ce7e7b391575"
  integrity sha512-jOdnI/3qTpHABjM5cx1Hc0sKsPoYCp+DP/GJRGtDlPd7fiV9oXGGIcjW/ZOxLIvjGz8MA+uMZI9metHlgqbgwQ==
  dependencies:
    "@types/node" "*"

"@types/aws-lambda@^8.10.31":
  version "8.10.41"
  resolved "https://registry.yarnpkg.com/@types/aws-lambda/-/aws-lambda-8.10.41.tgz#8cf7e60c116cd030ce384cbcd715e0a196e389d4"
  integrity sha512-TEmQ6RjtcL0VojmOzMS6uv1KgWK4hExAOZofBiOnbOp0pdiDi6VRlMrxsoC0BXfev8OjoS/QlwLXFbFJoNhgJg==

"@types/body-parser@*":
  version "1.19.0"
  resolved "https://registry.yarnpkg.com/@types/body-parser/-/body-parser-1.19.0.tgz#0685b3c47eb3006ffed117cdd55164b61f80538f"
  integrity sha512-W98JrE0j2K78swW4ukqMleo8R7h/pFETjM2DQ90MF6XK2i4LO4W3gQ71Lt4w3bfm2EvVSyWHplECvB5sK22yFQ==
  dependencies:
    "@types/connect" "*"
    "@types/node" "*"

"@types/connect@*":
  version "3.4.33"
  resolved "https://registry.yarnpkg.com/@types/connect/-/connect-3.4.33.tgz#31610c901eca573b8713c3330abc6e6b9f588546"
  integrity sha512-2+FrkXY4zllzTNfJth7jOqEHC+enpLeGslEhpnTAkg21GkRrWV4SsAtqchtT4YS9/nODBU2/ZfsBY2X4J/dX7A==
  dependencies:
    "@types/node" "*"

"@types/content-disposition@*":
  version "0.5.3"
  resolved "https://registry.yarnpkg.com/@types/content-disposition/-/content-disposition-0.5.3.tgz#0aa116701955c2faa0717fc69cd1596095e49d96"
  integrity sha512-P1bffQfhD3O4LW0ioENXUhZ9OIa0Zn+P7M+pWgkCKaT53wVLSq0mrKksCID/FGHpFhRSxRGhgrQmfhRuzwtKdg==

"@types/cookies@*":
  version "0.7.4"
  resolved "https://registry.yarnpkg.com/@types/cookies/-/cookies-0.7.4.tgz#26dedf791701abc0e36b5b79a5722f40e455f87b"
  integrity sha512-oTGtMzZZAVuEjTwCjIh8T8FrC8n/uwy+PG0yTvQcdZ7etoel7C7/3MSd7qrukENTgQtotG7gvBlBojuVs7X5rw==
  dependencies:
    "@types/connect" "*"
    "@types/express" "*"
    "@types/keygrip" "*"
    "@types/node" "*"

"@types/express-serve-static-core@*":
  version "4.17.7"
  resolved "https://registry.yarnpkg.com/@types/express-serve-static-core/-/express-serve-static-core-4.17.7.tgz#dfe61f870eb549dc6d7e12050901847c7d7e915b"
  integrity sha512-EMgTj/DF9qpgLXyc+Btimg+XoH7A2liE8uKul8qSmMTHCeNYzydDKFdsJskDvw42UsesCnhO63dO0Grbj8J4Dw==
  dependencies:
    "@types/node" "*"
    "@types/qs" "*"
    "@types/range-parser" "*"

"@types/express@*":
  version "4.17.6"
  resolved "https://registry.yarnpkg.com/@types/express/-/express-4.17.6.tgz#6bce49e49570507b86ea1b07b806f04697fac45e"
  integrity sha512-n/mr9tZI83kd4azlPG5y997C/M4DNABK9yErhFM6hKdym4kkmd9j0vtsJyjFIwfRBxtrxZtAfGZCNRIBMFLK5w==
  dependencies:
    "@types/body-parser" "*"
    "@types/express-serve-static-core" "*"
    "@types/qs" "*"
    "@types/serve-static" "*"

"@types/fs-capacitor@^2.0.0":
  version "2.0.0"
  resolved "https://registry.yarnpkg.com/@types/fs-capacitor/-/fs-capacitor-2.0.0.tgz#17113e25817f584f58100fb7a08eed288b81956e"
  integrity sha512-FKVPOCFbhCvZxpVAMhdBdTfVfXUpsh15wFHgqOKxh9N9vzWZVuWCSijZ5T4U34XYNnuj2oduh6xcs1i+LPI+BQ==
  dependencies:
    "@types/node" "*"

"@types/http-assert@*":
  version "1.5.1"
  resolved "https://registry.yarnpkg.com/@types/http-assert/-/http-assert-1.5.1.tgz#d775e93630c2469c2f980fc27e3143240335db3b"
  integrity sha512-PGAK759pxyfXE78NbKxyfRcWYA/KwW17X290cNev/qAsn9eQIxkH4shoNBafH37wewhDG/0p1cHPbK6+SzZjWQ==

"@types/keygrip@*":
  version "1.0.2"
  resolved "https://registry.yarnpkg.com/@types/keygrip/-/keygrip-1.0.2.tgz#513abfd256d7ad0bf1ee1873606317b33b1b2a72"
  integrity sha512-GJhpTepz2udxGexqos8wgaBx4I/zWIDPh/KOGEwAqtuGDkOUJu5eFvwmdBX4AmB8Odsr+9pHCQqiAqDL/yKMKw==

"@types/koa-compose@*":
  version "3.2.5"
  resolved "https://registry.yarnpkg.com/@types/koa-compose/-/koa-compose-3.2.5.tgz#85eb2e80ac50be95f37ccf8c407c09bbe3468e9d"
  integrity sha512-B8nG/OoE1ORZqCkBVsup/AKcvjdgoHnfi4pZMn5UwAPCbhk/96xyv284eBYW8JlQbQ7zDmnpFr68I/40mFoIBQ==
  dependencies:
    "@types/koa" "*"

"@types/koa@*":
  version "2.11.3"
  resolved "https://registry.yarnpkg.com/@types/koa/-/koa-2.11.3.tgz#540ece376581b12beadf9a417dd1731bc31c16ce"
  integrity sha512-ABxVkrNWa4O/Jp24EYI/hRNqEVRlhB9g09p48neQp4m3xL1TJtdWk2NyNQSMCU45ejeELMQZBYyfstyVvO2H3Q==
  dependencies:
    "@types/accepts" "*"
    "@types/content-disposition" "*"
    "@types/cookies" "*"
    "@types/http-assert" "*"
    "@types/keygrip" "*"
    "@types/koa-compose" "*"
    "@types/node" "*"

"@types/long@^4.0.0":
  version "4.0.1"
  resolved "https://registry.yarnpkg.com/@types/long/-/long-4.0.1.tgz#459c65fa1867dafe6a8f322c4c51695663cc55e9"
  integrity sha512-5tXH6Bx/kNGd3MgffdmP4dy2Z+G4eaXw0SE81Tq3BNadtnMR5/ySMzX4SLEzHJzSmPNn4HIdpQsBvXMUykr58w==

"@types/mime@*":
  version "2.0.2"
  resolved "https://registry.yarnpkg.com/@types/mime/-/mime-2.0.2.tgz#857a118d8634c84bba7ae14088e4508490cd5da5"
  integrity sha512-4kPlzbljFcsttWEq6aBW0OZe6BDajAmyvr2xknBG92tejQnvdGtT9+kXSZ580DqpxY9qG2xeQVF9Dq0ymUTo5Q==

"@types/node@*":
  version "14.0.11"
  resolved "https://registry.yarnpkg.com/@types/node/-/node-14.0.11.tgz#61d4886e2424da73b7b25547f59fdcb534c165a3"
  integrity sha512-lCvvI24L21ZVeIiyIUHZ5Oflv1hhHQ5E1S25IRlKIXaRkVgmXpJMI3wUJkmym2bTbCe+WoIibQnMVAU3FguaOg==

"@types/node@^10.1.0":
  version "10.17.24"
  resolved "https://registry.yarnpkg.com/@types/node/-/node-10.17.24.tgz#c57511e3a19c4b5e9692bb2995c40a3a52167944"
  integrity sha512-5SCfvCxV74kzR3uWgTYiGxrd69TbT1I6+cMx1A5kEly/IVveJBimtAMlXiEyVFn5DvUFewQWxOOiJhlxeQwxgA==

"@types/qs@*":
  version "6.9.3"
  resolved "https://registry.yarnpkg.com/@types/qs/-/qs-6.9.3.tgz#b755a0934564a200d3efdf88546ec93c369abd03"
  integrity sha512-7s9EQWupR1fTc2pSMtXRQ9w9gLOcrJn+h7HOXw4evxyvVqMi4f+q7d2tnFe3ng3SNHjtK+0EzGMGFUQX4/AQRA==

"@types/range-parser@*":
  version "1.2.3"
  resolved "https://registry.yarnpkg.com/@types/range-parser/-/range-parser-1.2.3.tgz#7ee330ba7caafb98090bece86a5ee44115904c2c"
  integrity sha512-ewFXqrQHlFsgc09MK5jP5iR7vumV/BYayNC6PgJO2LPe8vrnNFyjQjSppfEngITi0qvfKtzFvgKymGheFM9UOA==

"@types/serve-static@*":
  version "1.13.4"
  resolved "https://registry.yarnpkg.com/@types/serve-static/-/serve-static-1.13.4.tgz#6662a93583e5a6cabca1b23592eb91e12fa80e7c"
  integrity sha512-jTDt0o/YbpNwZbQmE/+2e+lfjJEJJR0I3OFaKQKPWkASkCoW3i6fsUnqudSMcNAfbtmADGu8f4MV4q+GqULmug==
  dependencies:
    "@types/express-serve-static-core" "*"
    "@types/mime" "*"

"@types/ws@^7.0.0":
  version "7.2.5"
  resolved "https://registry.yarnpkg.com/@types/ws/-/ws-7.2.5.tgz#513f28b04a1ea1aa9dc2cad3f26e8e37c88aae49"
  integrity sha512-4UEih9BI1nBKii385G9id1oFrSkLcClbwtDfcYj8HJLQqZVAtb/42vXVrYvRWCcufNF/a+rZD3MxNwghA7UmCg==
  dependencies:
    "@types/node" "*"

"@wry/equality@^0.1.2":
  version "0.1.11"
  resolved "https://registry.yarnpkg.com/@wry/equality/-/equality-0.1.11.tgz#35cb156e4a96695aa81a9ecc4d03787bc17f1790"
  integrity sha512-mwEVBDUVODlsQQ5dfuLUS5/Tf7jqUKyhKYHmVi4fPB6bDMOfWvUPJmKgS1Z7Za/sOI3vzWt4+O7yCiL/70MogA==
  dependencies:
    tslib "^1.9.3"

apollo-cache-control@^0.15.0:
  version "0.15.0"
  resolved "https://registry.yarnpkg.com/apollo-cache-control/-/apollo-cache-control-0.15.0.tgz#45897ed318b883bf964960e6fcd7516a50b4e4d4"
  integrity sha512-U2uYvHZsWmR6s6CD5zlq3PepfbUAM8953CeVM2Y2QYMtJ8i4CYplEPbIWb3zTIXSPbIPeWGddM56pChI6Iz3zA==
  dependencies:
    apollo-server-env "^3.2.0"
    apollo-server-plugin-base "^0.14.0"

apollo-datasource@^0.10.0:
  version "0.10.0"
  resolved "https://registry.yarnpkg.com/apollo-datasource/-/apollo-datasource-0.10.0.tgz#5450fc88f23f73b36ba04b4f7a6d00ef2f5364a9"
  integrity sha512-wrLhuoM2MtA0KA0+3qyioe0H2FjAxjTvuFOlNCk6WberA887m0MQlWULZImCWTkKuN+zEAMerHfxN+F+W8+lBA==
  dependencies:
    apollo-server-caching "^0.7.0"
    apollo-server-env "^3.2.0"

apollo-engine-reporting-protobuf@^0.5.1:
  version "0.5.1"
  resolved "https://registry.yarnpkg.com/apollo-engine-reporting-protobuf/-/apollo-engine-reporting-protobuf-0.5.1.tgz#b6e66e6e382f9bcdc2ac8ed168b047eb1470c1a8"
  integrity sha512-TSfr9iAaInV8dhXkesdcmqsthRkVcJkzznmiM+1Ob/GScK7r6hBYCjVDt2613EHAg9SUzTOltIKlGD+N+GJRUw==
  dependencies:
    "@apollo/protobufjs" "^1.0.3"

apollo-graphql@^0.9.0:
  version "0.9.7"
  resolved "https://registry.yarnpkg.com/apollo-graphql/-/apollo-graphql-0.9.7.tgz#33185093b497a578f2df61ab8ecc6447d700ae64"
  integrity sha512-bezL9ItUWUGHTm1bI/XzIgiiZbhXpsC7uxk4UxFPmcVJwJsDc3ayZ99oXxAaK+3Rbg/IoqrHckA6CwmkCsbaSA==
  dependencies:
    core-js-pure "^3.10.2"
    lodash.sortby "^4.7.0"
    sha.js "^2.4.11"

apollo-link@^1.2.14:
  version "1.2.14"
  resolved "https://registry.yarnpkg.com/apollo-link/-/apollo-link-1.2.14.tgz#3feda4b47f9ebba7f4160bef8b977ba725b684d9"
  integrity sha512-p67CMEFP7kOG1JZ0ZkYZwRDa369w5PIjtMjvrQd/HnIV8FRsHRqLqK+oAZQnFa1DDdZtOtHTi+aMIW6EatC2jg==
  dependencies:
    apollo-utilities "^1.3.0"
    ts-invariant "^0.4.0"
    tslib "^1.9.3"
    zen-observable-ts "^0.8.21"

apollo-reporting-protobuf@^0.8.0:
  version "0.8.0"
  resolved "https://registry.yarnpkg.com/apollo-reporting-protobuf/-/apollo-reporting-protobuf-0.8.0.tgz#ae9d967934d3d8ed816fc85a0d8068ef45c371b9"
  integrity sha512-B3XmnkH6Y458iV6OsA7AhfwvTgeZnFq9nPVjbxmLKnvfkEl8hYADtz724uPa0WeBiD7DSFcnLtqg9yGmCkBohg==
  dependencies:
    "@apollo/protobufjs" "1.2.2"

apollo-server-caching@^0.5.1:
  version "0.5.1"
  resolved "https://registry.yarnpkg.com/apollo-server-caching/-/apollo-server-caching-0.5.1.tgz#5cd0536ad5473abb667cc82b59bc56b96fb35db6"
  integrity sha512-L7LHZ3k9Ao5OSf2WStvQhxdsNVplRQi7kCAPfqf9Z3GBEnQ2uaL0EgO0hSmtVHfXTbk5CTRziMT1Pe87bXrFIw==
  dependencies:
    lru-cache "^5.0.0"

apollo-server-caching@^0.7.0:
  version "0.7.0"
  resolved "https://registry.yarnpkg.com/apollo-server-caching/-/apollo-server-caching-0.7.0.tgz#e6d1e68e3bb571cba63a61f60b434fb771c6ff39"
  integrity sha512-MsVCuf/2FxuTFVhGLK13B+TZH9tBd2qkyoXKKILIiGcZ5CDUEBO14vIV63aNkMkS1xxvK2U4wBcuuNj/VH2Mkw==
  dependencies:
    lru-cache "^6.0.0"

apollo-server-core@^2.14.2:
  version "2.26.2"
  resolved "https://registry.yarnpkg.com/apollo-server-core/-/apollo-server-core-2.26.2.tgz#5391bb93654194a5d6b83cf1855f229c94d5b3b1"
  integrity sha512-r8jOhf1jElaxsNsALFMy/MLiJCqSa1ZiwxkerVYbsEkyWrpD1Khy0extDkTBrfa6uK8CatX7xK9U413bYNhJFA==
  dependencies:
    "@apollographql/apollo-tools" "^0.5.0"
    "@apollographql/graphql-playground-html" "1.6.27"
    "@apollographql/graphql-upload-8-fork" "^8.1.4"
    "@josephg/resolvable" "^1.0.0"
    "@types/ws" "^7.0.0"
    apollo-cache-control "^0.15.0"
    apollo-datasource "^0.10.0"
    apollo-graphql "^0.9.0"
    apollo-reporting-protobuf "^0.8.0"
    apollo-server-caching "^0.7.0"
    apollo-server-env "^3.2.0"
    apollo-server-errors "^2.5.0"
    apollo-server-plugin-base "^0.14.0"
    apollo-server-types "^0.10.0"
    apollo-tracing "^0.16.0"
    async-retry "^1.2.1"
    fast-json-stable-stringify "^2.0.0"
    graphql-extensions "^0.16.0"
    graphql-tag "^2.11.0"
    graphql-tools "^4.0.8"
    loglevel "^1.6.7"
    lru-cache "^6.0.0"
    sha.js "^2.4.11"
    subscriptions-transport-ws "^0.9.19"
    uuid "^8.0.0"

apollo-server-env@^2.4.4:
  version "2.4.4"
  resolved "https://registry.yarnpkg.com/apollo-server-env/-/apollo-server-env-2.4.4.tgz#12d2d0896dcb184478cba066c7a683ab18689ca1"
  integrity sha512-c2oddDS3lwAl6QNCIKCLEzt/dF9M3/tjjYRVdxOVN20TidybI7rAbnT4QOzf4tORnGXtiznEAvr/Kc9ahhKADg==
  dependencies:
    node-fetch "^2.1.2"
    util.promisify "^1.0.0"

apollo-server-env@^3.2.0:
  version "3.2.0"
  resolved "https://registry.yarnpkg.com/apollo-server-env/-/apollo-server-env-3.2.0.tgz#0572e307da4784c5d7633a0ade1f45e231da28e3"
  integrity sha512-V+kO5e6vUo2JwqV1/Ng71ZE3J6x1hCOC+nID2/++bCYl0/fPY9iLChbBNSgN/uoFcjhgmBchOv+m4o0Nie/TFQ==
  dependencies:
    node-fetch "^2.6.1"
    util.promisify "^1.0.0"

apollo-server-errors@^2.5.0:
  version "2.5.0"
  resolved "https://registry.yarnpkg.com/apollo-server-errors/-/apollo-server-errors-2.5.0.tgz#5d1024117c7496a2979e3e34908b5685fe112b68"
  integrity sha512-lO5oTjgiC3vlVg2RKr3RiXIIQ5pGXBFxYGGUkKDhTud3jMIhs+gel8L8zsEjKaKxkjHhCQAA/bcEfYiKkGQIvA==

apollo-server-lambda@^2.14.2:
  version "2.14.2"
  resolved "https://registry.yarnpkg.com/apollo-server-lambda/-/apollo-server-lambda-2.14.2.tgz#a1f4d372475ac31c7baeab9d503d3045a4f02095"
  integrity sha512-nx/NPVZRPhqoOw1Fi4zSQmNS7r8vLw9l11V880qm1f8mMes1AZzCJdn/pSZEgt7nMKS4YmOkeSDvaj/9XvqqYw==
  dependencies:
    "@apollographql/graphql-playground-html" "1.6.24"
    "@types/aws-lambda" "^8.10.31"
    apollo-server-core "^2.14.2"
    apollo-server-env "^2.4.4"
    apollo-server-types "^0.5.0"
    graphql-tools "^4.0.0"

apollo-server-plugin-base@^0.14.0:
  version "0.14.0"
  resolved "https://registry.yarnpkg.com/apollo-server-plugin-base/-/apollo-server-plugin-base-0.14.0.tgz#f59b6ab7780304162d2e4fd9ee29ed0696b174ef"
  integrity sha512-nTNSFuBhZURGjtWptdVqwemYUOdsvABj/GSKzeNvepiEubiv4N0rt4Gvy1inHDiMbo98wQTdF/7XohNcB9A77g==
  dependencies:
    apollo-server-types "^0.10.0"

apollo-server-types@^0.10.0:
  version "0.10.0"
  resolved "https://registry.yarnpkg.com/apollo-server-types/-/apollo-server-types-0.10.0.tgz#af578bf507151a0e86fbdf188f9673ece3f8f164"
  integrity sha512-LsB3epw1X3Co/HGiKHCGtzWG35J59gG8Ypx0p22+wgdM9AVDm1ylsNGZy+osNIVJc1lUJf3nF5kZ90vA866K/w==
  dependencies:
    apollo-reporting-protobuf "^0.8.0"
    apollo-server-caching "^0.7.0"
    apollo-server-env "^3.2.0"

apollo-server-types@^0.5.0:
  version "0.5.0"
  resolved "https://registry.yarnpkg.com/apollo-server-types/-/apollo-server-types-0.5.0.tgz#51f39c5fa610ece8b07f1fbcf63c47d4ac150340"
  integrity sha512-zhtsqqqfdeoJQAfc41Sy6WnnBVxKNgZ34BKXf/Q+kXmw7rbZ/B5SG3SJMvj1iFsbzZxILmWdUsE9aD20lEr0bg==
  dependencies:
    apollo-engine-reporting-protobuf "^0.5.1"
    apollo-server-caching "^0.5.1"
    apollo-server-env "^2.4.4"

apollo-tracing@^0.16.0:
  version "0.16.0"
  resolved "https://registry.yarnpkg.com/apollo-tracing/-/apollo-tracing-0.16.0.tgz#8542ca40ae4a3f84f899e749631b65833557ceb1"
  integrity sha512-Oy8kTggB+fJ/hHXwHyMpuTl5KW7u1XetKFDErZVOobUKc2zjc/NgWiC/s7SGYZCgfLodBjvwfa6rMcvLkz7c0w==
  dependencies:
    apollo-server-env "^3.2.0"
    apollo-server-plugin-base "^0.14.0"

apollo-utilities@^1.0.1, apollo-utilities@^1.3.0:
  version "1.3.4"
  resolved "https://registry.yarnpkg.com/apollo-utilities/-/apollo-utilities-1.3.4.tgz#6129e438e8be201b6c55b0f13ce49d2c7175c9cf"
  integrity sha512-pk2hiWrCXMAy2fRPwEyhvka+mqwzeP60Jr1tRYi5xru+3ko94HI9o6lK0CT33/w4RDlxWchmdhDCrvdr+pHCig==
  dependencies:
    "@wry/equality" "^0.1.2"
    fast-json-stable-stringify "^2.0.0"
    ts-invariant "^0.4.0"
    tslib "^1.10.0"

async-retry@^1.2.1:
  version "1.3.1"
  resolved "https://registry.yarnpkg.com/async-retry/-/async-retry-1.3.1.tgz#139f31f8ddce50c0870b0ba558a6079684aaed55"
  integrity sha512-aiieFW/7h3hY0Bq5d+ktDBejxuwR78vRu9hDUdR8rNhSaQ29VzPL4AoIRG7D/c7tdenwOcKvgPM6tIxB3cB6HA==
  dependencies:
    retry "0.12.0"

backo2@^1.0.2:
  version "1.0.2"
  resolved "https://registry.yarnpkg.com/backo2/-/backo2-1.0.2.tgz#31ab1ac8b129363463e35b3ebb69f4dfcfba7947"
  integrity sha1-MasayLEpNjRj41s+u2n038+6eUc=

busboy@^0.3.1:
  version "0.3.1"
  resolved "https://registry.yarnpkg.com/busboy/-/busboy-0.3.1.tgz#170899274c5bf38aae27d5c62b71268cd585fd1b"
  integrity sha512-y7tTxhGKXcyBxRKAni+awqx8uqaJKrSFSNFSeRG5CsWNdmy2BIK+6VGWEW7TZnIO/533mtMEA4rOevQV815YJw==
  dependencies:
    dicer "0.3.0"

commander@^2.20.3:
  version "2.20.3"
  resolved "https://registry.yarnpkg.com/commander/-/commander-2.20.3.tgz#fd485e84c03eb4881c20722ba48035e8531aeb33"
  integrity sha512-GpVkmM8vF2vQUkj2LvZmD35JxeJOLCwJ9cUkugyk2nuhbv3+mJvpLYYt+0+USMxE+oj+ey/lJEnhZw75x/OMcQ==

core-js-pure@^3.10.2:
  version "3.32.1"
  resolved "https://registry.yarnpkg.com/core-js-pure/-/core-js-pure-3.32.1.tgz#5775b88f9062885f67b6d7edce59984e89d276f3"
  integrity sha512-f52QZwkFVDPf7UEQZGHKx6NYxsxmVGJe5DIvbzOdRMJlmT6yv0KDjR8rmy3ngr/t5wU54c7Sp/qIJH0ppbhVpQ==

cssfilter@0.0.10:
  version "0.0.10"
  resolved "https://registry.yarnpkg.com/cssfilter/-/cssfilter-0.0.10.tgz#c6d2672632a2e5c83e013e6864a42ce8defd20ae"
  integrity sha512-FAaLDaplstoRsDR8XGYH51znUN0UY7nMc6Z9/fvE8EXGwvJE9hu7W2vHwx1+bd6gCYnln9nLbzxFTrcO9YQDZw==

define-properties@^1.1.2, define-properties@^1.1.3:
  version "1.1.3"
  resolved "https://registry.yarnpkg.com/define-properties/-/define-properties-1.1.3.tgz#cf88da6cbee26fe6db7094f61d870cbd84cee9f1"
  integrity sha512-3MqfYKj2lLzdMSf8ZIZE/V+Zuy+BgD6f164e8K2w7dgnpKArBDerGYpM46IYYcjnkdPNMjPk9A6VFB8+3SKlXQ==
  dependencies:
    object-keys "^1.0.12"

depd@~1.1.2:
  version "1.1.2"
  resolved "https://registry.yarnpkg.com/depd/-/depd-1.1.2.tgz#9bcd52e14c097763e749b274c4346ed2e560b5a9"
  integrity sha1-m81S4UwJd2PnSbJ0xDRu0uVgtak=

deprecated-decorator@^0.1.6:
  version "0.1.6"
  resolved "https://registry.yarnpkg.com/deprecated-decorator/-/deprecated-decorator-0.1.6.tgz#00966317b7a12fe92f3cc831f7583af329b86c37"
  integrity sha1-AJZjF7ehL+kvPMgx91g68ym4bDc=

dicer@0.3.0:
  version "0.3.0"
  resolved "https://registry.yarnpkg.com/dicer/-/dicer-0.3.0.tgz#eacd98b3bfbf92e8ab5c2fdb71aaac44bb06b872"
  integrity sha512-MdceRRWqltEG2dZqO769g27N/3PXfcKl04VhYnBlo2YhH7zPi88VebsjTKclaOyiuMaGU72hTfw3VkUitGcVCA==
  dependencies:
    streamsearch "0.1.2"

es-abstract@^1.17.0-next.1, es-abstract@^1.17.2, es-abstract@^1.17.5:
  version "1.17.5"
  resolved "https://registry.yarnpkg.com/es-abstract/-/es-abstract-1.17.5.tgz#d8c9d1d66c8981fb9200e2251d799eee92774ae9"
  integrity sha512-BR9auzDbySxOcfog0tLECW8l28eRGpDpU3Dm3Hp4q/N+VtLTmyj4EUN088XZWQDW/hzj6sYRDXeOFsaAODKvpg==
  dependencies:
    es-to-primitive "^1.2.1"
    function-bind "^1.1.1"
    has "^1.0.3"
    has-symbols "^1.0.1"
    is-callable "^1.1.5"
    is-regex "^1.0.5"
    object-inspect "^1.7.0"
    object-keys "^1.1.1"
    object.assign "^4.1.0"
    string.prototype.trimleft "^2.1.1"
    string.prototype.trimright "^2.1.1"

es-to-primitive@^1.2.1:
  version "1.2.1"
  resolved "https://registry.yarnpkg.com/es-to-primitive/-/es-to-primitive-1.2.1.tgz#e55cd4c9cdc188bcefb03b366c736323fc5c898a"
  integrity sha512-QCOllgZJtaUo9miYBcLChTUaHNjJF3PYs1VidD7AwiEj1kYxKeQTctLAezAOH5ZKRH0g2IgPn6KwB4IT8iRpvA==
  dependencies:
    is-callable "^1.1.4"
    is-date-object "^1.0.1"
    is-symbol "^1.0.2"

eventemitter3@^3.1.0:
  version "3.1.2"
  resolved "https://registry.yarnpkg.com/eventemitter3/-/eventemitter3-3.1.2.tgz#2d3d48f9c346698fce83a85d7d664e98535df6e7"
  integrity sha512-tvtQIeLVHjDkJYnzf2dgVMxfuSGJeM/7UCG17TT4EumTfNtF+0nebF/4zWOIkCreAbtNqhGEboB6BWrwqNaw4Q==

fast-json-stable-stringify@^2.0.0:
  version "2.1.0"
  resolved "https://registry.yarnpkg.com/fast-json-stable-stringify/-/fast-json-stable-stringify-2.1.0.tgz#874bf69c6f404c2b5d99c481341399fd55892633"
  integrity sha512-lhd/wF+Lk98HZoTCtlVraHtfh5XYijIjalXck7saUtuanSDyLMxnHhSXEDJqHxD7msR8D0uCmqlkwjCV8xvwHw==

fs-capacitor@^2.0.4:
  version "2.0.4"
  resolved "https://registry.yarnpkg.com/fs-capacitor/-/fs-capacitor-2.0.4.tgz#5a22e72d40ae5078b4fe64fe4d08c0d3fc88ad3c"
  integrity sha512-8S4f4WsCryNw2mJJchi46YgB6CR5Ze+4L1h8ewl9tEpL4SJ3ZO+c/bS4BWhB8bK+O3TMqhuZarTitd0S0eh2pA==

function-bind@^1.1.1:
  version "1.1.1"
  resolved "https://registry.yarnpkg.com/function-bind/-/function-bind-1.1.1.tgz#a56899d3ea3c9bab874bb9773b7c5ede92f4895d"
  integrity sha512-yIovAzMX49sF8Yl58fSCWJ5svSLuaibPxXQJFLmBObTuCr0Mf1KiPopGM9NiFjiYBCbfaa2Fh6breQ6ANVTI0A==

graphql-extensions@^0.16.0:
  version "0.16.0"
  resolved "https://registry.yarnpkg.com/graphql-extensions/-/graphql-extensions-0.16.0.tgz#32669fde0a2f115de60e5dda818ae457c1d71bb8"
  integrity sha512-rZQc/USoEIw437BGRUwoHoLPR1LA791Ltj6axONqgKIyyx2sqIO3YT9kTbB/eIUdJBrCozp4KuUeZ09xKeQDxg==
  dependencies:
    "@apollographql/apollo-tools" "^0.5.0"
    apollo-server-env "^3.2.0"
    apollo-server-types "^0.10.0"

graphql-tag@^2.11.0:
  version "2.12.6"
  resolved "https://registry.yarnpkg.com/graphql-tag/-/graphql-tag-2.12.6.tgz#d441a569c1d2537ef10ca3d1633b48725329b5f1"
  integrity sha512-FdSNcu2QQcWnM2VNvSCCDCVS5PpPqpzgFT8+GXzqJuoDd0CBncxCY278u4mhRO7tMgo2JjgJA5aZ+nWSQ/Z+xg==
  dependencies:
    tslib "^2.1.0"

graphql-tools@^4.0.0, graphql-tools@^4.0.6, graphql-tools@^4.0.8:
  version "4.0.8"
  resolved "https://registry.yarnpkg.com/graphql-tools/-/graphql-tools-4.0.8.tgz#e7fb9f0d43408fb0878ba66b522ce871bafe9d30"
  integrity sha512-MW+ioleBrwhRjalKjYaLQbr+920pHBgy9vM/n47sswtns8+96sRn5M/G+J1eu7IMeKWiN/9p6tmwCHU7552VJg==
  dependencies:
    apollo-link "^1.2.14"
    apollo-utilities "^1.0.1"
    deprecated-decorator "^0.1.6"
    iterall "^1.1.3"
    uuid "^3.1.0"

graphql@^14.1.1:
  version "14.6.0"
  resolved "https://registry.yarnpkg.com/graphql/-/graphql-14.6.0.tgz#57822297111e874ea12f5cd4419616930cd83e49"
  integrity sha512-VKzfvHEKybTKjQVpTFrA5yUq2S9ihcZvfJAtsDBBCuV6wauPu1xl/f9ehgVf0FcEJJs4vz6ysb/ZMkGigQZseg==
  dependencies:
    iterall "^1.2.2"

has-symbols@^1.0.0, has-symbols@^1.0.1:
  version "1.0.1"
  resolved "https://registry.yarnpkg.com/has-symbols/-/has-symbols-1.0.1.tgz#9f5214758a44196c406d9bd76cebf81ec2dd31e8"
  integrity sha512-PLcsoqu++dmEIZB+6totNFKq/7Do+Z0u4oT0zKOJNl3lYK6vGwwu2hjHs+68OEZbTjiUE9bgOABXbP/GvrS0Kg==

has@^1.0.3:
  version "1.0.3"
  resolved "https://registry.yarnpkg.com/has/-/has-1.0.3.tgz#722d7cbfc1f6aa8241f16dd814e011e1f41e8796"
  integrity sha512-f2dvO0VU6Oej7RkWJGrehjbzMAjFp5/VKPp5tTpWIV4JHHZK1/BxbFRtf/siA2SWTe09caDmVtYYzWEIbBS4zw==
  dependencies:
    function-bind "^1.1.1"

http-errors@^1.7.3:
  version "1.7.3"
  resolved "https://registry.yarnpkg.com/http-errors/-/http-errors-1.7.3.tgz#6c619e4f9c60308c38519498c14fbb10aacebb06"
  integrity sha512-ZTTX0MWrsQ2ZAhA1cejAwDLycFsd7I7nVtnkT3Ol0aqodaKW+0CTZDQ1uBv5whptCnc8e8HeRRJxRs0kmm/Qfw==
  dependencies:
    depd "~1.1.2"
    inherits "2.0.4"
    setprototypeof "1.1.1"
    statuses ">= 1.5.0 < 2"
    toidentifier "1.0.0"

inherits@2.0.4, inherits@^2.0.1:
  version "2.0.4"
  resolved "https://registry.yarnpkg.com/inherits/-/inherits-2.0.4.tgz#0fa2c64f932917c3433a0ded55363aae37416b7c"
  integrity sha512-k/vGaX4/Yla3WzyMCvTQOXYeIHvqOKtnqBduzTHpzpQZzAskKMhZ2K+EnBiSM9zGSoIFeMpXKxa4dYeZIQqewQ==

is-callable@^1.1.4, is-callable@^1.1.5:
  version "1.2.0"
  resolved "https://registry.yarnpkg.com/is-callable/-/is-callable-1.2.0.tgz#83336560b54a38e35e3a2df7afd0454d691468bb"
  integrity sha512-pyVD9AaGLxtg6srb2Ng6ynWJqkHU9bEM087AKck0w8QwDarTfNcpIYoU8x8Hv2Icm8u6kFJM18Dag8lyqGkviw==

is-date-object@^1.0.1:
  version "1.0.2"
  resolved "https://registry.yarnpkg.com/is-date-object/-/is-date-object-1.0.2.tgz#bda736f2cd8fd06d32844e7743bfa7494c3bfd7e"
  integrity sha512-USlDT524woQ08aoZFzh3/Z6ch9Y/EWXEHQ/AaRN0SkKq4t2Jw2R2339tSXmwuVoY7LLlBCbOIlx2myP/L5zk0g==

is-regex@^1.0.5:
  version "1.1.0"
  resolved "https://registry.yarnpkg.com/is-regex/-/is-regex-1.1.0.tgz#ece38e389e490df0dc21caea2bd596f987f767ff"
  integrity sha512-iI97M8KTWID2la5uYXlkbSDQIg4F6o1sYboZKKTDpnDQMLtUL86zxhgDet3Q2SriaYsyGqZ6Mn2SjbRKeLHdqw==
  dependencies:
    has-symbols "^1.0.1"

is-symbol@^1.0.2:
  version "1.0.3"
  resolved "https://registry.yarnpkg.com/is-symbol/-/is-symbol-1.0.3.tgz#38e1014b9e6329be0de9d24a414fd7441ec61937"
  integrity sha512-OwijhaRSgqvhm/0ZdAcXNZt9lYdKFpcRDT5ULUuYXPoT794UNOdU+gpT6Rzo7b4V2HUl/op6GqY894AZwv9faQ==
  dependencies:
    has-symbols "^1.0.1"

iterall@^1.1.3, iterall@^1.2.1, iterall@^1.2.2:
  version "1.3.0"
  resolved "https://registry.yarnpkg.com/iterall/-/iterall-1.3.0.tgz#afcb08492e2915cbd8a0884eb93a8c94d0d72fea"
  integrity sha512-QZ9qOMdF+QLHxy1QIpUHUU1D5pS2CG2P69LF6L6CPjPYA/XMOmKV3PZpawHoAjHNyB0swdVTRxdYT4tbBbxqwg==

lodash.merge@^4.6.2:
  version "4.6.2"
  resolved "https://registry.yarnpkg.com/lodash.merge/-/lodash.merge-4.6.2.tgz#558aa53b43b661e1925a0afdfa36a9a1085fe57a"
  integrity sha512-0KpjqXRVvrYyCsX1swR/XTK0va6VQkQM6MNo7PqW77ByjAhoARA8EfrP1N4+KlKj8YS0ZUCtRT/YUuhyYDujIQ==

lodash.sortby@^4.7.0:
  version "4.7.0"
  resolved "https://registry.yarnpkg.com/lodash.sortby/-/lodash.sortby-4.7.0.tgz#edd14c824e2cc9c1e0b0a1b42bb5210516a42438"
  integrity sha1-7dFMgk4sycHgsKG0K7UhBRakJDg=

loglevel@^1.6.7:
  version "1.6.8"
  resolved "https://registry.yarnpkg.com/loglevel/-/loglevel-1.6.8.tgz#8a25fb75d092230ecd4457270d80b54e28011171"
  integrity sha512-bsU7+gc9AJ2SqpzxwU3+1fedl8zAntbtC5XYlt3s2j1hJcn2PsXSmgN8TaLG/J1/2mod4+cE/3vNL70/c1RNCA==

long@^4.0.0:
  version "4.0.0"
  resolved "https://registry.yarnpkg.com/long/-/long-4.0.0.tgz#9a7b71cfb7d361a194ea555241c92f7468d5bf28"
  integrity sha512-XsP+KhQif4bjX1kbuSiySJFNAehNxgLb6hPRGJ9QsUr8ajHkuXGdrHmFUTUUXhDwVX2R5bY4JNZEwbUiMhV+MA==

lru-cache@^5.0.0:
  version "5.1.1"
  resolved "https://registry.yarnpkg.com/lru-cache/-/lru-cache-5.1.1.tgz#1da27e6710271947695daf6848e847f01d84b920"
  integrity sha512-KpNARQA3Iwv+jTA0utUVVbrh+Jlrr1Fv0e56GGzAFOXN7dk/FviaDW8LHmK52DlcH4WP2n6gI8vN1aesBFgo9w==
  dependencies:
    yallist "^3.0.2"

lru-cache@^6.0.0:
  version "6.0.0"
  resolved "https://registry.yarnpkg.com/lru-cache/-/lru-cache-6.0.0.tgz#6d6fe6570ebd96aaf90fcad1dafa3b2566db3a94"
  integrity sha512-Jo6dJ04CmSjuznwJSS3pUeWmd/H0ffTlkXXgwZi+eq1UCmqQwCh+eLsYOYCwY991i2Fah4h1BEMCx4qThGbsiA==
  dependencies:
    yallist "^4.0.0"

node-fetch@^2.1.2:
  version "2.6.7"
  resolved "https://registry.yarnpkg.com/node-fetch/-/node-fetch-2.6.7.tgz#24de9fba827e3b4ae44dc8b20256a379160052ad"
  integrity sha512-ZjMPFEfVx5j+y2yF35Kzx5sF7kDzxuDj6ziH4FFbOp87zKDZNx8yExJIb05OGF4Nlt9IHFIMBkRl41VdvcNdbQ==
  dependencies:
    whatwg-url "^5.0.0"

node-fetch@^2.6.1:
  version "2.7.0"
  resolved "https://registry.yarnpkg.com/node-fetch/-/node-fetch-2.7.0.tgz#d0f0fa6e3e2dc1d27efcd8ad99d550bda94d187d"
  integrity sha512-c4FRfUm/dbcWZ7U+1Wq0AwCyFL+3nt2bEw05wfxSz+DWpWsitgmSgYmy2dQdWyKC1694ELPqMs/YzUSNozLt8A==
  dependencies:
    whatwg-url "^5.0.0"

object-inspect@^1.7.0:
  version "1.7.0"
  resolved "https://registry.yarnpkg.com/object-inspect/-/object-inspect-1.7.0.tgz#f4f6bd181ad77f006b5ece60bd0b6f398ff74a67"
  integrity sha512-a7pEHdh1xKIAgTySUGgLMx/xwDZskN1Ud6egYYN3EdRW4ZMPNEDUTF+hwy2LUC+Bl+SyLXANnwz/jyh/qutKUw==

object-keys@^1.0.11, object-keys@^1.0.12, object-keys@^1.1.1:
  version "1.1.1"
  resolved "https://registry.yarnpkg.com/object-keys/-/object-keys-1.1.1.tgz#1c47f272df277f3b1daf061677d9c82e2322c60e"
  integrity sha512-NuAESUOUMrlIXOfHKzD6bpPu3tYt3xvjNdRIQ+FeT0lNb4K8WR70CaDxhuNguS2XG+GjkyMwOzsN5ZktImfhLA==

object-path@^0.11.4:
  version "0.11.8"
  resolved "https://registry.yarnpkg.com/object-path/-/object-path-0.11.8.tgz#ed002c02bbdd0070b78a27455e8ae01fc14d4742"
  integrity sha512-YJjNZrlXJFM42wTBn6zgOJVar9KFJvzx6sTWDte8sWZF//cnjl0BxHNpfZx+ZffXX63A9q0b1zsFiBX4g4X5KA==

object.assign@^4.1.0:
  version "4.1.0"
  resolved "https://registry.yarnpkg.com/object.assign/-/object.assign-4.1.0.tgz#968bf1100d7956bb3ca086f006f846b3bc4008da"
  integrity sha512-exHJeq6kBKj58mqGyTQ9DFvrZC/eR6OwxzoM9YRoGBqrXYonaFyGiFMuc9VZrXf7DarreEwMpurG3dd+CNyW5w==
  dependencies:
    define-properties "^1.1.2"
    function-bind "^1.1.1"
    has-symbols "^1.0.0"
    object-keys "^1.0.11"

object.getownpropertydescriptors@^2.1.0:
  version "2.1.0"
  resolved "https://registry.yarnpkg.com/object.getownpropertydescriptors/-/object.getownpropertydescriptors-2.1.0.tgz#369bf1f9592d8ab89d712dced5cb81c7c5352649"
  integrity sha512-Z53Oah9A3TdLoblT7VKJaTDdXdT+lQO+cNpKVnya5JDe9uLvzu1YyY1yFDFrcxrlRgWrEFH0jJtD/IbuwjcEVg==
  dependencies:
    define-properties "^1.1.3"
    es-abstract "^1.17.0-next.1"

retry@0.12.0:
  version "0.12.0"
  resolved "https://registry.yarnpkg.com/retry/-/retry-0.12.0.tgz#1b42a6266a21f07421d1b0b54b7dc167b01c013b"
  integrity sha1-G0KmJmoh8HQh0bC1S33BZ7AcATs=

safe-buffer@^5.0.1:
  version "5.2.1"
  resolved "https://registry.yarnpkg.com/safe-buffer/-/safe-buffer-5.2.1.tgz#1eaf9fa9bdb1fdd4ec75f58f9cdb4e6b7827eec6"
  integrity sha512-rp3So07KcdmmKbGvgaNxQSJr7bGVSVk5S9Eq1F+ppbRo70+YeaDxkw5Dd8NPN+GD6bjnYm2VuPuCXmpuYvmCXQ==

setprototypeof@1.1.1:
  version "1.1.1"
  resolved "https://registry.yarnpkg.com/setprototypeof/-/setprototypeof-1.1.1.tgz#7e95acb24aa92f5885e0abef5ba131330d4ae683"
  integrity sha512-JvdAWfbXeIGaZ9cILp38HntZSFSo3mWg6xGcJJsd+d4aRMOqauag1C63dJfDw7OaMYwEbHMOxEZ1lqVRYP2OAw==

sha.js@^2.4.11:
  version "2.4.11"
  resolved "https://registry.yarnpkg.com/sha.js/-/sha.js-2.4.11.tgz#37a5cf0b81ecbc6943de109ba2960d1b26584ae7"
  integrity sha512-QMEp5B7cftE7APOjk5Y6xgrbWu+WkLVQwk8JNjZ8nKRciZaByEW6MubieAiToS7+dwvrjGhH8jRXz3MVd0AYqQ==
  dependencies:
    inherits "^2.0.1"
    safe-buffer "^5.0.1"

"statuses@>= 1.5.0 < 2":
  version "1.5.0"
  resolved "https://registry.yarnpkg.com/statuses/-/statuses-1.5.0.tgz#161c7dac177659fd9811f43771fa99381478628c"
  integrity sha1-Fhx9rBd2Wf2YEfQ3cfqZOBR4Yow=

streamsearch@0.1.2:
  version "0.1.2"
  resolved "https://registry.yarnpkg.com/streamsearch/-/streamsearch-0.1.2.tgz#808b9d0e56fc273d809ba57338e929919a1a9f1a"
  integrity sha1-gIudDlb8Jz2Am6VzOOkpkZoanxo=

string.prototype.trimend@^1.0.0:
  version "1.0.1"
  resolved "https://registry.yarnpkg.com/string.prototype.trimend/-/string.prototype.trimend-1.0.1.tgz#85812a6b847ac002270f5808146064c995fb6913"
  integrity sha512-LRPxFUaTtpqYsTeNKaFOw3R4bxIzWOnbQ837QfBylo8jIxtcbK/A/sMV7Q+OAV/vWo+7s25pOE10KYSjaSO06g==
  dependencies:
    define-properties "^1.1.3"
    es-abstract "^1.17.5"

string.prototype.trimleft@^2.1.1:
  version "2.1.2"
  resolved "https://registry.yarnpkg.com/string.prototype.trimleft/-/string.prototype.trimleft-2.1.2.tgz#4408aa2e5d6ddd0c9a80739b087fbc067c03b3cc"
  integrity sha512-gCA0tza1JBvqr3bfAIFJGqfdRTyPae82+KTnm3coDXkZN9wnuW3HjGgN386D7hfv5CHQYCI022/rJPVlqXyHSw==
  dependencies:
    define-properties "^1.1.3"
    es-abstract "^1.17.5"
    string.prototype.trimstart "^1.0.0"

string.prototype.trimright@^2.1.1:
  version "2.1.2"
  resolved "https://registry.yarnpkg.com/string.prototype.trimright/-/string.prototype.trimright-2.1.2.tgz#c76f1cef30f21bbad8afeb8db1511496cfb0f2a3"
  integrity sha512-ZNRQ7sY3KroTaYjRS6EbNiiHrOkjihL9aQE/8gfQ4DtAC/aEBRHFJa44OmoWxGGqXuJlfKkZW4WcXErGr+9ZFg==
  dependencies:
    define-properties "^1.1.3"
    es-abstract "^1.17.5"
    string.prototype.trimend "^1.0.0"

string.prototype.trimstart@^1.0.0:
  version "1.0.1"
  resolved "https://registry.yarnpkg.com/string.prototype.trimstart/-/string.prototype.trimstart-1.0.1.tgz#14af6d9f34b053f7cfc89b72f8f2ee14b9039a54"
  integrity sha512-XxZn+QpvrBI1FOcg6dIpxUPgWCPuNXvMD72aaRaUQv1eD4e/Qy8i/hFTe0BUmD60p/QA6bh1avmuPTfNjqVWRw==
  dependencies:
    define-properties "^1.1.3"
    es-abstract "^1.17.5"

subscriptions-transport-ws@^0.9.19:
  version "0.9.19"
  resolved "https://registry.yarnpkg.com/subscriptions-transport-ws/-/subscriptions-transport-ws-0.9.19.tgz#10ca32f7e291d5ee8eb728b9c02e43c52606cdcf"
  integrity sha512-dxdemxFFB0ppCLg10FTtRqH/31FNRL1y1BQv8209MK5I4CwALb7iihQg+7p65lFcIl8MHatINWBLOqpgU4Kyyw==
  dependencies:
    backo2 "^1.0.2"
    eventemitter3 "^3.1.0"
    iterall "^1.2.1"
    symbol-observable "^1.0.4"
    ws "^5.2.0 || ^6.0.0 || ^7.0.0"

symbol-observable@^1.0.4:
  version "1.2.0"
  resolved "https://registry.yarnpkg.com/symbol-observable/-/symbol-observable-1.2.0.tgz#c22688aed4eab3cdc2dfeacbb561660560a00804"
  integrity sha512-e900nM8RRtGhlV36KGEU9k65K3mPb1WV70OdjfxlG2EAuM1noi/E/BaW/uMhL7bPEssK8QV57vN3esixjUvcXQ==

toidentifier@1.0.0:
  version "1.0.0"
  resolved "https://registry.yarnpkg.com/toidentifier/-/toidentifier-1.0.0.tgz#7e1be3470f1e77948bc43d94a3c8f4d7752ba553"
  integrity sha512-yaOH/Pk/VEhBWWTlhI+qXxDFXlejDGcQipMlyxda9nthulaxLZUNcUqFxokp0vcYnvteJln5FNQDRrxj3YcbVw==

tr46@~0.0.3:
  version "0.0.3"
  resolved "https://registry.yarnpkg.com/tr46/-/tr46-0.0.3.tgz#8184fd347dac9cdc185992f3a6622e14b9d9ab6a"
  integrity sha1-gYT9NH2snNwYWZLzpmIuFLnZq2o=

ts-invariant@^0.4.0:
  version "0.4.4"
  resolved "https://registry.yarnpkg.com/ts-invariant/-/ts-invariant-0.4.4.tgz#97a523518688f93aafad01b0e80eb803eb2abd86"
  integrity sha512-uEtWkFM/sdZvRNNDL3Ehu4WVpwaulhwQszV8mrtcdeE8nN00BV9mAmQ88RkrBhFgl9gMgvjJLAQcZbnPXI9mlA==
  dependencies:
    tslib "^1.9.3"

tslib@^1.10.0, tslib@^1.9.3:
  version "1.13.0"
  resolved "https://registry.yarnpkg.com/tslib/-/tslib-1.13.0.tgz#c881e13cc7015894ed914862d276436fa9a47043"
  integrity sha512-i/6DQjL8Xf3be4K/E6Wgpekn5Qasl1usyw++dAA35Ue5orEn65VIxOA+YvNNl9HV3qv70T7CNwjODHZrLwvd1Q==

tslib@^2.1.0:
  version "2.6.2"
  resolved "https://registry.yarnpkg.com/tslib/-/tslib-2.6.2.tgz#703ac29425e7b37cd6fd456e92404d46d1f3e4ae"
  integrity sha512-AEYxH93jGFPn/a2iVAwW87VuUIkR1FVUKB77NwMF7nBTDkDrrT/Hpt/IrCJ0QXhW27jTBDcf5ZY7w6RiqTMw2Q==

util.promisify@^1.0.0:
  version "1.0.1"
  resolved "https://registry.yarnpkg.com/util.promisify/-/util.promisify-1.0.1.tgz#6baf7774b80eeb0f7520d8b81d07982a59abbaee"
  integrity sha512-g9JpC/3He3bm38zsLupWryXHoEcS22YHthuPQSJdMy6KNrzIRzWqcsHzD/WUnqe45whVou4VIsPew37DoXWNrA==
  dependencies:
    define-properties "^1.1.3"
    es-abstract "^1.17.2"
    has-symbols "^1.0.1"
    object.getownpropertydescriptors "^2.1.0"

uuid@^3.1.0:
  version "3.4.0"
  resolved "https://registry.yarnpkg.com/uuid/-/uuid-3.4.0.tgz#b23e4358afa8a202fe7a100af1f5f883f02007ee"
  integrity sha512-HjSDRw6gZE5JMggctHBcjVak08+KEVhSIiDzFnT9S9aegmp85S/bReBVTb4QTFaRNptJ9kuYaNhnbNEOkbKb/A==

uuid@^8.0.0:
  version "8.1.0"
  resolved "https://registry.yarnpkg.com/uuid/-/uuid-8.1.0.tgz#6f1536eb43249f473abc6bd58ff983da1ca30d8d"
  integrity sha512-CI18flHDznR0lq54xBycOVmphdCYnQLKn8abKn7PXUiKUGdEd+/l9LWNJmugXel4hXq7S+RMNl34ecyC9TntWg==

webidl-conversions@^3.0.0:
  version "3.0.1"
  resolved "https://registry.yarnpkg.com/webidl-conversions/-/webidl-conversions-3.0.1.tgz#24534275e2a7bc6be7bc86611cc16ae0a5654871"
  integrity sha1-JFNCdeKnvGvnvIZhHMFq4KVlSHE=

whatwg-url@^5.0.0:
  version "5.0.0"
  resolved "https://registry.yarnpkg.com/whatwg-url/-/whatwg-url-5.0.0.tgz#966454e8765462e37644d3626f6742ce8b70965d"
  integrity sha1-lmRU6HZUYuN2RNNib2dCzotwll0=
  dependencies:
    tr46 "~0.0.3"
    webidl-conversions "^3.0.0"

"ws@^5.2.0 || ^6.0.0 || ^7.0.0":
  version "7.5.9"
  resolved "https://registry.yarnpkg.com/ws/-/ws-7.5.9.tgz#54fa7db29f4c7cec68b1ddd3a89de099942bb591"
  integrity sha512-F+P9Jil7UiSKSkppIiD94dN07AwvFixvLIj1Og1Rl9GGMuNipJnV9JzjD6XuqmAeiswGvUmNLjr5cFuXwNS77Q==

xss@^1.0.8:
  version "1.0.14"
  resolved "https://registry.yarnpkg.com/xss/-/xss-1.0.14.tgz#4f3efbde75ad0d82e9921cc3c95e6590dd336694"
  integrity sha512-og7TEJhXvn1a7kzZGQ7ETjdQVS2UfZyTlsEdDOqvQF7GoxNfY+0YLCzBy1kPdsDDx4QuNAonQPddpsn6Xl/7sw==
  dependencies:
    commander "^2.20.3"
    cssfilter "0.0.10"

yallist@^3.0.2:
  version "3.1.1"
  resolved "https://registry.yarnpkg.com/yallist/-/yallist-3.1.1.tgz#dbb7daf9bfd8bac9ab45ebf602b8cbad0d5d08fd"
  integrity sha512-a4UGQaWPH59mOXUYnAG2ewncQS4i4F43Tv3JoAM+s2VDAmS9NsK8GpDMLrCHPksFT7h3K6TOoUNn2pb7RoXx4g==

yallist@^4.0.0:
  version "4.0.0"
  resolved "https://registry.yarnpkg.com/yallist/-/yallist-4.0.0.tgz#9bb92790d9c0effec63be73519e11a35019a3a72"
  integrity sha512-3wdGidZyq5PB084XLES5TpOSRA3wjXAlIWMhum2kRcv/41Sn2emQ0dycQW4uZXLejwKvg6EsvbdlVL+FYEct7A==

zen-observable-ts@^0.8.21:
  version "0.8.21"
  resolved "https://registry.yarnpkg.com/zen-observable-ts/-/zen-observable-ts-0.8.21.tgz#85d0031fbbde1eba3cd07d3ba90da241215f421d"
  integrity sha512-Yj3yXweRc8LdRMrCC8nIc4kkjWecPAUVh0TI0OUrWXx6aX790vLcDlWca6I4vsyCGH3LpWxq0dJRcMOFoVqmeg==
  dependencies:
    tslib "^1.9.3"
    zen-observable "^0.8.0"

zen-observable@^0.8.0:
  version "0.8.15"
  resolved "https://registry.yarnpkg.com/zen-observable/-/zen-observable-0.8.15.tgz#96415c512d8e3ffd920afd3889604e30b9eaac15"
  integrity sha512-PQ2PC7R9rslx84ndNBZB/Dkv8V8fZEpk83RLgXtYd0fwUgEjseMn1Dgajh2x6S8QbZAFa9p2qVCEuYZNgve0dQ==
